
Microsoft Visual Studio Solution File, Format Version 12.00
# Visual Studio Version 16
VisualStudioVersion = 16.0.33529.622
MinimumVisualStudioVersion = 10.0.40219.1
Project("{FAE04EC0-301F-11D3-BF4B-00C04F79EFBC}") = "diaryApp", "diaryApp.csproj", "{113AB00F-9901-4DA3-A2C9-3D5ED541C915}"
EndProject
Global
	GlobalSection(SolutionConfigurationPlatforms) = preSolution
		Debug|Any CPU = Debug|Any CPU
		Release|Any CPU = Release|Any CPU
	EndGlobalSection
	GlobalSection(ProjectConfigurationPlatforms) = postSolution
		{113AB00F-9901-4DA3-A2C9-3D5ED541C915}.Debug|Any CPU.ActiveCfg = Debug|Any CPU
		{113AB00F-9901-4DA3-A2C9-3D5ED541C915}.Debug|Any CPU.Build.0 = Debug|Any CPU
		{113AB00F-9901-4DA3-A2C9-3D5ED541C915}.Release|Any CPU.ActiveCfg = Release|Any CPU
		{113AB00F-9901-4DA3-A2C9-3D5ED541C915}.Release|Any CPU.Build.0 = Release|Any CPU
	EndGlobalSection
	GlobalSection(SolutionProperties) = preSolution
		HideSolutionNode = FALSE
	EndGlobalSection
	GlobalSection(ExtensibilityGlobals) = postSolution
		SolutionGuid = {70F49B40-A223-4384-B4E5-6F75171FC185}
	EndGlobalSection
EndGlobal
